{
  "originHash" : "f94af75b0a568f5d0ba2db08843c85aa1fdc18c00af7dd13f8b65ec9fc9aa197",
  "pins" : [
    {
      "identity" : "eventsource",
      "kind" : "remoteSourceControl",
      "location" : "https://github.com/mattt/eventsource.git",
      "state" : {
        "revision" : "07957602bb99a5355c810187e66e6ce378a1057d",
        "version" : "1.1.1"
      }
    },
    {
      "identity" : "swift-log",
      "kind" : "remoteSourceControl",
      "location" : "https://github.com/apple/swift-log.git",
      "state" : {
        "revision" : "96a2f8a0fa41e9e09af4585e2724c4e825410b91",
        "version" : "1.6.2"
      }
    },
    {
      "identity" : "swift-system",
      "kind" : "remoteSourceControl",
      "location" : "https://github.com/apple/swift-system.git",
      "state" : {
        "revision" : "c8a44d836fe7913603e246acab7c528c2e780168",
        "version" : "1.4.0"
      }
    }
  ],
  "version" : 3
}
